
Microsoft Visual Studio Solution File, Format Version 12.00
# Visual Studio Version 17
VisualStudioVersion = 17.1.32228.430
MinimumVisualStudioVersion = 10.0.40219.1
Project("{FAE04EC0-301F-11D3-BF4B-00C04F79EFBC}") = "LeetCode", "LeetCode\LeetCode.csproj", "{2FA8A857-B0C6-4981-8056-61A9DDB99BA6}"
EndProject
Project("{FAE04EC0-301F-11D3-BF4B-00C04F79EFBC}") = "LeetCodeTest", "LeetCodeTest\LeetCodeTest.csproj", "{5FB95CDA-AD05-4222-AEFF-118A18359D78}"
EndProject
Global
	GlobalSection(SolutionConfigurationPlatforms) = preSolution
		Debug|Any CPU = Debug|Any CPU
		Release|Any CPU = Release|Any CPU
	EndGlobalSection
	GlobalSection(ProjectConfigurationPlatforms) = postSolution
		{2FA8A857-B0C6-4981-8056-61A9DDB99BA6}.Debug|Any CPU.ActiveCfg = Debug|Any CPU
		{2FA8A857-B0C6-4981-8056-61A9DDB99BA6}.Debug|Any CPU.Build.0 = Debug|Any CPU
		{2FA8A857-B0C6-4981-8056-61A9DDB99BA6}.Release|Any CPU.ActiveCfg = Release|Any CPU
		{2FA8A857-B0C6-4981-8056-61A9DDB99BA6}.Release|Any CPU.Build.0 = Release|Any CPU
		{5FB95CDA-AD05-4222-AEFF-118A18359D78}.Debug|Any CPU.ActiveCfg = Debug|Any CPU
		{5FB95CDA-AD05-4222-AEFF-118A18359D78}.Debug|Any CPU.Build.0 = Debug|Any CPU
		{5FB95CDA-AD05-4222-AEFF-118A18359D78}.Release|Any CPU.ActiveCfg = Release|Any CPU
		{5FB95CDA-AD05-4222-AEFF-118A18359D78}.Release|Any CPU.Build.0 = Release|Any CPU
	EndGlobalSection
	GlobalSection(SolutionProperties) = preSolution
		HideSolutionNode = FALSE
	EndGlobalSection
	GlobalSection(ExtensibilityGlobals) = postSolution
		SolutionGuid = {047AE357-A215-4350-BAC1-C4C9A1DF0F5F}
	EndGlobalSection
EndGlobal
